
Microsoft Visual Studio Solution File, Format Version 12.00
# Visual Studio 15
Project("{FAE04EC0-301F-11D3-BF4B-00C04F79EFBC}") = "Assembly-CSharp", "Assembly-CSharp.csproj", "{8F494A9E-B78F-AC76-2099-FAB3AA0575C4}"
EndProject
Project("{FAE04EC0-301F-11D3-BF4B-00C04F79EFBC}") = "Assembly-CSharp-Editor", "Assembly-CSharp-Editor.csproj", "{9F866B2A-07E9-2330-761E-4D3E50BDE20A}"
EndProject
Global
	GlobalSection(SolutionConfigurationPlatforms) = preSolution
		Debug|Any CPU = Debug|Any CPU
		Release|Any CPU = Release|Any CPU
	EndGlobalSection
	GlobalSection(ProjectConfigurationPlatforms) = postSolution
		{8F494A9E-B78F-AC76-2099-FAB3AA0575C4}.Debug|Any CPU.ActiveCfg = Debug|Any CPU
		{8F494A9E-B78F-AC76-2099-FAB3AA0575C4}.Debug|Any CPU.Build.0 = Debug|Any CPU
		{8F494A9E-B78F-AC76-2099-FAB3AA0575C4}.Release|Any CPU.ActiveCfg = Release|Any CPU
		{8F494A9E-B78F-AC76-2099-FAB3AA0575C4}.Release|Any CPU.Build.0 = Release|Any CPU
		{9F866B2A-07E9-2330-761E-4D3E50BDE20A}.Debug|Any CPU.ActiveCfg = Debug|Any CPU
		{9F866B2A-07E9-2330-761E-4D3E50BDE20A}.Debug|Any CPU.Build.0 = Debug|Any CPU
		{9F866B2A-07E9-2330-761E-4D3E50BDE20A}.Release|Any CPU.ActiveCfg = Release|Any CPU
		{9F866B2A-07E9-2330-761E-4D3E50BDE20A}.Release|Any CPU.Build.0 = Release|Any CPU
	EndGlobalSection
	GlobalSection(SolutionProperties) = preSolution
		HideSolutionNode = FALSE
	EndGlobalSection
EndGlobal
